
Microsoft Visual Studio Solution File, Format Version 12.00
# Visual Studio 15
VisualStudioVersion = 15.0.28010.2026
MinimumVisualStudioVersion = 10.0.40219.1
Project("{FAE04EC0-301F-11D3-BF4B-00C04F79EFBC}") = "Edeja_Fakture_Projekat", "Edeja_Fakture_Projekat\Edeja_Fakture_Projekat.csproj", "{EBEB20BB-0209-41FC-BA0F-1FA96A4F6B6D}"
EndProject
Global
	GlobalSection(SolutionConfigurationPlatforms) = preSolution
		Debug|Any CPU = Debug|Any CPU
		Release|Any CPU = Release|Any CPU
	EndGlobalSection
	GlobalSection(ProjectConfigurationPlatforms) = postSolution
		{EBEB20BB-0209-41FC-BA0F-1FA96A4F6B6D}.Debug|Any CPU.ActiveCfg = Debug|Any CPU
		{EBEB20BB-0209-41FC-BA0F-1FA96A4F6B6D}.Debug|Any CPU.Build.0 = Debug|Any CPU
		{EBEB20BB-0209-41FC-BA0F-1FA96A4F6B6D}.Release|Any CPU.ActiveCfg = Release|Any CPU
		{EBEB20BB-0209-41FC-BA0F-1FA96A4F6B6D}.Release|Any CPU.Build.0 = Release|Any CPU
	EndGlobalSection
	GlobalSection(SolutionProperties) = preSolution
		HideSolutionNode = FALSE
	EndGlobalSection
	GlobalSection(ExtensibilityGlobals) = postSolution
		SolutionGuid = {662F512F-E18C-4361-8E49-6342D9163F06}
	EndGlobalSection
EndGlobal
